// !$*UTF8*$!
{
	archiveVersion = 1;
	classes = {
	};
	objectVersion = 56;
	objects = {

/* Begin PBXBuildFile section */
		114395332F796EE6002FC19E /* FirebaseAnalytics in Frameworks */ = {isa = PBXBuildFile; productRef = 114395322F796EE6002FC19E /* FirebaseAnalytics */; };
		114395352F796EE6002FC19E /* FirebaseCrashlytics in Frameworks */ = {isa = PBXBuildFile; productRef = 114395342F796EE6002FC19E /* FirebaseCrashlytics */; };
		114395372F796F9D002FC19E /* FirebaseMessaging in Frameworks */ = {isa = PBXBuildFile; productRef = 114395362F796F9D002FC19E /* FirebaseMessaging */; };
		114395392F7973B7002FC19E /* GoogleService-Info.plist in Resources */ = {isa = PBXBuildFile; fileRef = 114395382F7973B7002FC19E /* GoogleService-Info.plist */; };
		1143953B2F7973CF002FC19E /* FirebaseService.swift in Sources */ = {isa = PBXBuildFile; fileRef = 1143953A2F7973CF002FC19E /* FirebaseService.swift */; };
		1184B3312F86255D00C6EF1B /* GoogleMobileAds in Frameworks */ = {isa = PBXBuildFile; platformFilter = ios; productRef = 1184B3302F86255D00C6EF1B /* GoogleMobileAds */; };
		1184B3342F86266C00C6EF1B /* BannerAdView.swift in Sources */ = {isa = PBXBuildFile; fileRef = 1184B3332F86266C00C6EF1B /* BannerAdView.swift */; };
		1184B3352F86266C00C6EF1B /* AdManager.swift in Sources */ = {isa = PBXBuildFile; fileRef = 1184B3322F86266C00C6EF1B /* AdManager.swift */; };
		11AABB022F90000000000002 /* PrivacyInfo.xcprivacy in Resources */ = {isa = PBXBuildFile; fileRef = 11AABB012F90000000000001 /* PrivacyInfo.xcprivacy */; };
		11D9EC722F70882B00969099 /* Configuration.storekit in Resources */ = {isa = PBXBuildFile; fileRef = 11D9EC712F70882B00969099 /* Configuration.storekit */; };
		2E2E44272AC3CC8E00DC757F /* bookletPdfApp.swift in Sources */ = {isa = PBXBuildFile; fileRef = 2E2E44262AC3CC8E00DC757F /* bookletPdfApp.swift */; };
		2E2E442B2AC3CC8F00DC757F /* Assets.xcassets in Resources */ = {isa = PBXBuildFile; fileRef = 2E2E442A2AC3CC8F00DC757F /* Assets.xcassets */; };
		2E2E442E2AC3CC8F00DC757F /* Preview Assets.xcassets in Resources */ = {isa = PBXBuildFile; fileRef = 2E2E442D2AC3CC8F00DC757F /* Preview Assets.xcassets */; };
		2E2E44412AC49B9200DC757F /* Resume.pdf in Resources */ = {isa = PBXBuildFile; fileRef = 2E2E44402AC49B9200DC757F /* Resume.pdf */; };
		2E3F6B112DD0BF4E00D52D83 /* Info.html in Resources */ = {isa = PBXBuildFile; fileRef = 2E3F6B102DD0BF4E00D52D83 /* Info.html */; };
		5229A9852D2B806D00C75302 /* BookletPDFKit in Frameworks */ = {isa = PBXBuildFile; productRef = 5229A9842D2B806D00C75302 /* BookletPDFKit */; };
		52A930112E72872100DC862D /* Localizable.xcstrings in Resources */ = {isa = PBXBuildFile; fileRef = 52A930102E72872100DC862D /* Localizable.xcstrings */; };
		52A930192E72A81300DC862D /* BookletCore in Frameworks */ = {isa = PBXBuildFile; productRef = 52A930182E72A81300DC862D /* BookletCore */; };
		52A930CD2E72DE0100DC862D /* Info_fr.html in Resources */ = {isa = PBXBuildFile; fileRef = 52A930CB2E72DE0100DC862D /* Info_fr.html */; };
		52A930CE2E72DE0100DC862D /* Info_uz.html in Resources */ = {isa = PBXBuildFile; fileRef = 52A930CC2E72DE0100DC862D /* Info_uz.html */; };
		52A930CF2E72DE0100DC862D /* Info_de.html in Resources */ = {isa = PBXBuildFile; fileRef = 52A930CA2E72DE0100DC862D /* Info_de.html */; };
		B2C3D4E52F55730000BBCC02 /* AppV2 in Frameworks */ = {isa = PBXBuildFile; productRef = B2C3D4E42F55730000BBCC02 /* AppV2 */; };
/* End PBXBuildFile section */

/* Begin PBXCopyFilesBuildPhase section */
		5257CEF02D6B6120003211BA /* Embed Frameworks */ = {
			isa = PBXCopyFilesBuildPhase;
			buildActionMask = 2147483647;
			dstPath = "";
			dstSubfolderSpec = 10;
			files = (
			);
			name = "Embed Frameworks";
			runOnlyForDeploymentPostprocessing = 0;
		};
/* End PBXCopyFilesBuildPhase section */

/* Begin PBXFileReference section */
		114395382F7973B7002FC19E /* GoogleService-Info.plist */ = {isa = PBXFileReference; lastKnownFileType = text.plist.xml; path = "GoogleService-Info.plist"; sourceTree = "<group>"; };
		1143953A2F7973CF002FC19E /* FirebaseService.swift */ = {isa = PBXFileReference; lastKnownFileType = sourcecode.swift; path = FirebaseService.swift; sourceTree = "<group>"; };
		1184B3322F86266C00C6EF1B /* AdManager.swift */ = {isa = PBXFileReference; lastKnownFileType = sourcecode.swift; path = AdManager.swift; sourceTree = "<group>"; };
		1184B3332F86266C00C6EF1B /* BannerAdView.swift */ = {isa = PBXFileReference; lastKnownFileType = sourcecode.swift; path = BannerAdView.swift; sourceTree = "<group>"; };
		11AABB012F90000000000001 /* PrivacyInfo.xcprivacy */ = {isa = PBXFileReference; lastKnownFileType = text.xml; path = PrivacyInfo.xcprivacy; sourceTree = "<group>"; };
		11D9EC712F70882B00969099 /* Configuration.storekit */ = {isa = PBXFileReference; lastKnownFileType = text; path = Configuration.storekit; sourceTree = "<group>"; };
		2E0E4E162ADB30F900E846B6 /* Info.plist */ = {isa = PBXFileReference; lastKnownFileType = text.plist; path = Info.plist; sourceTree = "<group>"; };
		2E2E44232AC3CC8E00DC757F /* bookletPdf.app */ = {isa = PBXFileReference; explicitFileType = wrapper.application; includeInIndex = 0; path = bookletPdf.app; sourceTree = BUILT_PRODUCTS_DIR; };
		2E2E44262AC3CC8E00DC757F /* bookletPdfApp.swift */ = {isa = PBXFileReference; lastKnownFileType = sourcecode.swift; path = bookletPdfApp.swift; sourceTree = "<group>"; };
		2E2E442A2AC3CC8F00DC757F /* Assets.xcassets */ = {isa = PBXFileReference; lastKnownFileType = folder.assetcatalog; path = Assets.xcassets; sourceTree = "<group>"; };
		2E2E442D2AC3CC8F00DC757F /* Preview Assets.xcassets */ = {isa = PBXFileReference; lastKnownFileType = folder.assetcatalog; path = "Preview Assets.xcassets"; sourceTree = "<group>"; };
		2E2E44342AC3D74200DC757F /* bookletPdf.entitlements */ = {isa = PBXFileReference; lastKnownFileType = text.plist.entitlements; path = bookletPdf.entitlements; sourceTree = "<group>"; };
		2E2E44402AC49B9200DC757F /* Resume.pdf */ = {isa = PBXFileReference; lastKnownFileType = image.pdf; path = Resume.pdf; sourceTree = "<group>"; };
		2E3F6B102DD0BF4E00D52D83 /* Info.html */ = {isa = PBXFileReference; lastKnownFileType = text.html; path = Info.html; sourceTree = "<group>"; };
		5229A9822D2B7F8900C75302 /* BookletPDFKit */ = {isa = PBXFileReference; lastKnownFileType = wrapper; path = BookletPDFKit; sourceTree = "<group>"; };
		52A930102E72872100DC862D /* Localizable.xcstrings */ = {isa = PBXFileReference; lastKnownFileType = text.json.xcstrings; path = Localizable.xcstrings; sourceTree = "<group>"; };
		52A930122E72A39200DC862D /* BookletCore */ = {isa = PBXFileReference; lastKnownFileType = wrapper; path = BookletCore; sourceTree = "<group>"; };
		52A930CA2E72DE0100DC862D /* Info_de.html */ = {isa = PBXFileReference; lastKnownFileType = text.html; path = Info_de.html; sourceTree = "<group>"; };
		52A930CB2E72DE0100DC862D /* Info_fr.html */ = {isa = PBXFileReference; lastKnownFileType = text.html; path = Info_fr.html; sourceTree = "<group>"; };
		52A930CC2E72DE0100DC862D /* Info_uz.html */ = {isa = PBXFileReference; lastKnownFileType = text.html; path = Info_uz.html; sourceTree = "<group>"; };
		B2C3D4E22F55730000BBCC02 /* AppV2 */ = {isa = PBXFileReference; lastKnownFileType = wrapper; path = AppV2; sourceTree = "<group>"; };
/* End PBXFileReference section */

/* Begin PBXFrameworksBuildPhase section */
		2E2E44202AC3CC8E00DC757F /* Frameworks */ = {
			isa = PBXFrameworksBuildPhase;
			buildActionMask = 2147483647;
			files = (
				114395372F796F9D002FC19E /* FirebaseMessaging in Frameworks */,
				B2C3D4E52F55730000BBCC02 /* AppV2 in Frameworks */,
				52A930192E72A81300DC862D /* BookletCore in Frameworks */,
				114395352F796EE6002FC19E /* FirebaseCrashlytics in Frameworks */,
				114395332F796EE6002FC19E /* FirebaseAnalytics in Frameworks */,
				5229A9852D2B806D00C75302 /* BookletPDFKit in Frameworks */,
				1184B3312F86255D00C6EF1B /* GoogleMobileAds in Frameworks */,
			);
			runOnlyForDeploymentPostprocessing = 0;
		};
/* End PBXFrameworksBuildPhase section */

/* Begin PBXGroup section */
		2E2E441A2AC3CC8E00DC757F = {
			isa = PBXGroup;
			children = (
				B2C3D4E22F55730000BBCC02 /* AppV2 */,
				52A930122E72A39200DC862D /* BookletCore */,
				5229A9822D2B7F8900C75302 /* BookletPDFKit */,
				2E2E44252AC3CC8E00DC757F /* bookletPdf */,
				5229A9832D2B806D00C75302 /* Frameworks */,
				2E2E44242AC3CC8E00DC757F /* Products */,
			);
			sourceTree = "<group>";
		};
		2E2E44242AC3CC8E00DC757F /* Products */ = {
			isa = PBXGroup;
			children = (
				2E2E44232AC3CC8E00DC757F /* bookletPdf.app */,
			);
			name = Products;
			sourceTree = "<group>";
		};
		2E2E44252AC3CC8E00DC757F /* bookletPdf */ = {
			isa = PBXGroup;
			children = (
				1184B3322F86266C00C6EF1B /* AdManager.swift */,
				1184B3332F86266C00C6EF1B /* BannerAdView.swift */,
				11AABB012F90000000000001 /* PrivacyInfo.xcprivacy */,
				1143953A2F7973CF002FC19E /* FirebaseService.swift */,
				114395382F7973B7002FC19E /* GoogleService-Info.plist */,
				11D9EC712F70882B00969099 /* Configuration.storekit */,
				2E0E4E162ADB30F900E846B6 /* Info.plist */,
				2E2E44342AC3D74200DC757F /* bookletPdf.entitlements */,
				2E2E44262AC3CC8E00DC757F /* bookletPdfApp.swift */,
				2E2E442A2AC3CC8F00DC757F /* Assets.xcassets */,
				2E2E442C2AC3CC8F00DC757F /* Preview Content */,
				2E2E443C2AC480A500DC757F /* Utils */,
			);
			path = bookletPdf;
			sourceTree = "<group>";
		};
		2E2E442C2AC3CC8F00DC757F /* Preview Content */ = {
			isa = PBXGroup;
			children = (
				2E2E442D2AC3CC8F00DC757F /* Preview Assets.xcassets */,
			);
			path = "Preview Content";
			sourceTree = "<group>";
		};
		2E2E443C2AC480A500DC757F /* Utils */ = {
			isa = PBXGroup;
			children = (
				2E2E44422AC49B9E00DC757F /* Resources */,
			);
			path = Utils;
			sourceTree = "<group>";
		};
		2E2E44422AC49B9E00DC757F /* Resources */ = {
			isa = PBXGroup;
			children = (
				52A930CA2E72DE0100DC862D /* Info_de.html */,
				52A930CB2E72DE0100DC862D /* Info_fr.html */,
				52A930CC2E72DE0100DC862D /* Info_uz.html */,
				2E2E44402AC49B9200DC757F /* Resume.pdf */,
				2E3F6B102DD0BF4E00D52D83 /* Info.html */,
				52A930102E72872100DC862D /* Localizable.xcstrings */,
			);
			path = Resources;
			sourceTree = "<group>";
		};
		5229A9832D2B806D00C75302 /* Frameworks */ = {
			isa = PBXGroup;
			children = (
			);
			name = Frameworks;
			sourceTree = "<group>";
		};
/* End PBXGroup section */

/* Begin PBXNativeTarget section */
		2E2E44222AC3CC8E00DC757F /* bookletPdf */ = {
			isa = PBXNativeTarget;
			buildConfigurationList = 2E2E44312AC3CC8F00DC757F /* Build configuration list for PBXNativeTarget "bookletPdf" */;
			buildPhases = (
				2E2E441F2AC3CC8E00DC757F /* Sources */,
				2E2E44202AC3CC8E00DC757F /* Frameworks */,
				2E2E44212AC3CC8E00DC757F /* Resources */,
				1143953C2F7A38CC002FC19E /* Run Script */,
				5257CEF02D6B6120003211BA /* Embed Frameworks */,
			);
			buildRules = (
			);
			dependencies = (
			);
			name = bookletPdf;
			productName = bookletPdf;
			productReference = 2E2E44232AC3CC8E00DC757F /* bookletPdf.app */;
			productType = "com.apple.product-type.application";
		};
/* End PBXNativeTarget section */

/* Begin PBXProject section */
		2E2E441B2AC3CC8E00DC757F /* Project object */ = {
			isa = PBXProject;
			attributes = {
				BuildIndependentTargetsInParallel = 1;
				LastSwiftUpdateCheck = 1500;
				LastUpgradeCheck = 1500;
				TargetAttributes = {
					2E2E44222AC3CC8E00DC757F = {
						CreatedOnToolsVersion = 15.0;
					};
				};
			};
			buildConfigurationList = 2E2E441E2AC3CC8E00DC757F /* Build configuration list for PBXProject "bookletPdf" */;
			compatibilityVersion = "Xcode 14.0";
			developmentRegion = en;
			hasScannedForEncodings = 0;
			knownRegions = (
				en,
				Base,
				uz,
				de,
				fr,
			);
			mainGroup = 2E2E441A2AC3CC8E00DC757F;
			packageReferences = (
				114395312F796EE6002FC19E /* XCRemoteSwiftPackageReference "firebase-ios-sdk" */,
				1184B32F2F86255D00C6EF1B /* XCRemoteSwiftPackageReference "swift-package-manager-google-mobile-ads" */,
			);
			productRefGroup = 2E2E44242AC3CC8E00DC757F /* Products */;
			projectDirPath = "";
			projectRoot = "";
			targets = (
				2E2E44222AC3CC8E00DC757F /* bookletPdf */,
			);
		};
/* End PBXProject section */

/* Begin PBXResourcesBuildPhase section */
		2E2E44212AC3CC8E00DC757F /* Resources */ = {
			isa = PBXResourcesBuildPhase;
			buildActionMask = 2147483647;
			files = (
				2E3F6B112DD0BF4E00D52D83 /* Info.html in Resources */,
				52A930112E72872100DC862D /* Localizable.xcstrings in Resources */,
				52A930CD2E72DE0100DC862D /* Info_fr.html in Resources */,
				52A930CE2E72DE0100DC862D /* Info_uz.html in Resources */,
				52A930CF2E72DE0100DC862D /* Info_de.html in Resources */,
				2E2E44412AC49B9200DC757F /* Resume.pdf in Resources */,
				2E2E442E2AC3CC8F00DC757F /* Preview Assets.xcassets in Resources */,
				114395392F7973B7002FC19E /* GoogleService-Info.plist in Resources */,
				11D9EC722F70882B00969099 /* Configuration.storekit in Resources */,
				2E2E442B2AC3CC8F00DC757F /* Assets.xcassets in Resources */,
				11AABB022F90000000000002 /* PrivacyInfo.xcprivacy in Resources */,
			);
			runOnlyForDeploymentPostprocessing = 0;
		};
/* End PBXResourcesBuildPhase section */

/* Begin PBXShellScriptBuildPhase section */
		1143953C2F7A38CC002FC19E /* Run Script */ = {
			isa = PBXShellScriptBuildPhase;
			alwaysOutOfDate = 1;
			buildActionMask = 2147483647;
			files = (
			);
			inputFileListPaths = (
			);
			inputPaths = (
			);
			name = "Run Script";
			outputFileListPaths = (
			);
			outputPaths = (
			);
			runOnlyForDeploymentPostprocessing = 0;
			shellPath = /bin/sh;
			shellScript = "# Type a script or drag a script file from your workspace to insert its path.\nPLIST=\"${BUILT_PRODUCTS_DIR}/${INFOPLIST_PATH%Info.plist}GoogleService-Info.plist\"                                                         \n  if [ ! -f \"$PLIST\" ]; then                                                                                                                 \n    PLIST=\"${SRCROOT}/bookletPdf/GoogleService-Info.plist\"                                                                                   \n  fi                                                        \n  \"${BUILD_DIR%Build/*}SourcePackages/checkouts/firebase-ios-sdk/Crashlytics/run\" -gsp \"$PLIST\"\n  \n";
		};
/* End PBXShellScriptBuildPhase section */

/* Begin PBXSourcesBuildPhase section */
		2E2E441F2AC3CC8E00DC757F /* Sources */ = {
			isa = PBXSourcesBuildPhase;
			buildActionMask = 2147483647;
			files = (
				1143953B2F7973CF002FC19E /* FirebaseService.swift in Sources */,
				1184B3342F86266C00C6EF1B /* BannerAdView.swift in Sources */,
				1184B3352F86266C00C6EF1B /* AdManager.swift in Sources */,
				2E2E44272AC3CC8E00DC757F /* bookletPdfApp.swift in Sources */,
			);
			runOnlyForDeploymentPostprocessing = 0;
		};
/* End PBXSourcesBuildPhase section */

/* Begin XCBuildConfiguration section */
		2E2E442F2AC3CC8F00DC757F /* Debug */ = {
			isa = XCBuildConfiguration;
			buildSettings = {
				ALWAYS_SEARCH_USER_PATHS = NO;
				ASSETCATALOG_COMPILER_GENERATE_SWIFT_ASSET_SYMBOL_EXTENSIONS = YES;
				CLANG_ANALYZER_NONNULL = YES;
				CLANG_ANALYZER_NUMBER_OBJECT_CONVERSION = YES_AGGRESSIVE;
				CLANG_CXX_LANGUAGE_STANDARD = "gnu++20";
				CLANG_ENABLE_MODULES = YES;
				CLANG_ENABLE_OBJC_ARC = YES;
				CLANG_ENABLE_OBJC_WEAK = YES;
				CLANG_WARN_BLOCK_CAPTURE_AUTORELEASING = YES;
				CLANG_WARN_BOOL_CONVERSION = YES;
				CLANG_WARN_COMMA = YES;
				CLANG_WARN_CONSTANT_CONVERSION = YES;
				CLANG_WARN_DEPRECATED_OBJC_IMPLEMENTATIONS = YES;
				CLANG_WARN_DIRECT_OBJC_ISA_USAGE = YES_ERROR;
				CLANG_WARN_DOCUMENTATION_COMMENTS = YES;
				CLANG_WARN_EMPTY_BODY = YES;
				CLANG_WARN_ENUM_CONVERSION = YES;
				CLANG_WARN_INFINITE_RECURSION = YES;
				CLANG_WARN_INT_CONVERSION = YES;
				CLANG_WARN_NON_LITERAL_NULL_CONVERSION = YES;
				CLANG_WARN_OBJC_IMPLICIT_RETAIN_SELF = YES;
				CLANG_WARN_OBJC_LITERAL_CONVERSION = YES;
				CLANG_WARN_OBJC_ROOT_CLASS = YES_ERROR;
				CLANG_WARN_QUOTED_INCLUDE_IN_FRAMEWORK_HEADER = YES;
				CLANG_WARN_RANGE_LOOP_ANALYSIS = YES;
				CLANG_WARN_STRICT_PROTOTYPES = YES;
				CLANG_WARN_SUSPICIOUS_MOVE = YES;
				CLANG_WARN_UNGUARDED_AVAILABILITY = YES_AGGRESSIVE;
				CLANG_WARN_UNREACHABLE_CODE = YES;
				CLANG_WARN__DUPLICATE_METHOD_MATCH = YES;
				COPY_PHASE_STRIP = NO;
				DEBUG_INFORMATION_FORMAT = dwarf;
				ENABLE_STRICT_OBJC_MSGSEND = YES;
				ENABLE_TESTABILITY = YES;
				ENABLE_USER_SCRIPT_SANDBOXING = YES;
				GCC_C_LANGUAGE_STANDARD = gnu17;
				GCC_DYNAMIC_NO_PIC = NO;
				GCC_NO_COMMON_BLOCKS = YES;
				GCC_OPTIMIZATION_LEVEL = 0;
				GCC_PREPROCESSOR_DEFINITIONS = (
					"DEBUG=1",
					"$(inherited)",
				);
				GCC_WARN_64_TO_32_BIT_CONVERSION = YES;
				GCC_WARN_ABOUT_RETURN_TYPE = YES_ERROR;
				GCC_WARN_UNDECLARED_SELECTOR = YES;
				GCC_WARN_UNINITIALIZED_AUTOS = YES_AGGRESSIVE;
				GCC_WARN_UNUSED_FUNCTION = YES;
				GCC_WARN_UNUSED_VARIABLE = YES;
				IPHONEOS_DEPLOYMENT_TARGET = 17.0;
				LOCALIZATION_PREFERS_STRING_CATALOGS = YES;
				MTL_ENABLE_DEBUG_INFO = INCLUDE_SOURCE;
				MTL_FAST_MATH = YES;
				ONLY_ACTIVE_ARCH = YES;
				SDKROOT = iphoneos;
				SWIFT_ACTIVE_COMPILATION_CONDITIONS = "DEBUG $(inherited)";
				SWIFT_EMIT_LOC_STRINGS = YES;
				SWIFT_OPTIMIZATION_LEVEL = "-Onone";
			};
			name = Debug;
		};
		2E2E44302AC3CC8F00DC757F /* Release */ = {
			isa = XCBuildConfiguration;
			buildSettings = {
				ALWAYS_SEARCH_USER_PATHS = NO;
				ASSETCATALOG_COMPILER_GENERATE_SWIFT_ASSET_SYMBOL_EXTENSIONS = YES;
				CLANG_ANALYZER_NONNULL = YES;
				CLANG_ANALYZER_NUMBER_OBJECT_CONVERSION = YES_AGGRESSIVE;
				CLANG_CXX_LANGUAGE_STANDARD = "gnu++20";
				CLANG_ENABLE_MODULES = YES;
				CLANG_ENABLE_OBJC_ARC = YES;
				CLANG_ENABLE_OBJC_WEAK = YES;
				CLANG_WARN_BLOCK_CAPTURE_AUTORELEASING = YES;
				CLANG_WARN_BOOL_CONVERSION = YES;
				CLANG_WARN_COMMA = YES;
				CLANG_WARN_CONSTANT_CONVERSION = YES;
				CLANG_WARN_DEPRECATED_OBJC_IMPLEMENTATIONS = YES;
				CLANG_WARN_DIRECT_OBJC_ISA_USAGE = YES_ERROR;
				CLANG_WARN_DOCUMENTATION_COMMENTS = YES;
				CLANG_WARN_EMPTY_BODY = YES;
				CLANG_WARN_ENUM_CONVERSION = YES;
				CLANG_WARN_INFINITE_RECURSION = YES;
				CLANG_WARN_INT_CONVERSION = YES;
				CLANG_WARN_NON_LITERAL_NULL_CONVERSION = YES;
				CLANG_WARN_OBJC_IMPLICIT_RETAIN_SELF = YES;
				CLANG_WARN_OBJC_LITERAL_CONVERSION = YES;
				CLANG_WARN_OBJC_ROOT_CLASS = YES_ERROR;
				CLANG_WARN_QUOTED_INCLUDE_IN_FRAMEWORK_HEADER = YES;
				CLANG_WARN_RANGE_LOOP_ANALYSIS = YES;
				CLANG_WARN_STRICT_PROTOTYPES = YES;
				CLANG_WARN_SUSPICIOUS_MOVE = YES;
				CLANG_WARN_UNGUARDED_AVAILABILITY = YES_AGGRESSIVE;
				CLANG_WARN_UNREACHABLE_CODE = YES;
				CLANG_WARN__DUPLICATE_METHOD_MATCH = YES;
				COPY_PHASE_STRIP = NO;
				DEBUG_INFORMATION_FORMAT = "dwarf-with-dsym";
				ENABLE_NS_ASSERTIONS = NO;
				ENABLE_STRICT_OBJC_MSGSEND = YES;
				ENABLE_USER_SCRIPT_SANDBOXING = YES;
				GCC_C_LANGUAGE_STANDARD = gnu17;
				GCC_NO_COMMON_BLOCKS = YES;
				GCC_WARN_64_TO_32_BIT_CONVERSION = YES;
				GCC_WARN_ABOUT_RETURN_TYPE = YES_ERROR;
				GCC_WARN_UNDECLARED_SELECTOR = YES;
				GCC_WARN_UNINITIALIZED_AUTOS = YES_AGGRESSIVE;
				GCC_WARN_UNUSED_FUNCTION = YES;
				GCC_WARN_UNUSED_VARIABLE = YES;
				IPHONEOS_DEPLOYMENT_TARGET = 17.0;
				LOCALIZATION_PREFERS_STRING_CATALOGS = YES;
				MTL_ENABLE_DEBUG_INFO = NO;
				MTL_FAST_MATH = YES;
				SDKROOT = iphoneos;
				SWIFT_COMPILATION_MODE = wholemodule;
				SWIFT_EMIT_LOC_STRINGS = YES;
				VALIDATE_PRODUCT = YES;
			};
			name = Release;
		};
		2E2E44322AC3CC8F00DC757F /* Debug */ = {
			isa = XCBuildConfiguration;
			buildSettings = {
				ASSETCATALOG_COMPILER_APPICON_NAME = AppIcon;
				ASSETCATALOG_COMPILER_GLOBAL_ACCENT_COLOR_NAME = AccentColor;
				CODE_SIGN_ENTITLEMENTS = bookletPdf/bookletPdf.entitlements;
				CODE_SIGN_STYLE = Automatic;
				CURRENT_PROJECT_VERSION = 6;
				DEVELOPMENT_ASSET_PATHS = "\"bookletPdf/Preview Content\"";
				DEVELOPMENT_TEAM = V3H6LJGQAD;
				ENABLE_APP_SANDBOX = YES;
				ENABLE_INCOMING_NETWORK_CONNECTIONS = NO;
				ENABLE_OUTGOING_NETWORK_CONNECTIONS = NO;
				ENABLE_PREVIEWS = YES;
				ENABLE_RESOURCE_ACCESS_AUDIO_INPUT = NO;
				ENABLE_RESOURCE_ACCESS_BLUETOOTH = NO;
				ENABLE_RESOURCE_ACCESS_CALENDARS = NO;
				ENABLE_RESOURCE_ACCESS_CAMERA = NO;
				ENABLE_RESOURCE_ACCESS_CONTACTS = NO;
				ENABLE_RESOURCE_ACCESS_LOCATION = NO;
				ENABLE_RESOURCE_ACCESS_PRINTING = YES;
				ENABLE_RESOURCE_ACCESS_USB = NO;
				ENABLE_USER_SCRIPT_SANDBOXING = NO;
				GENERATE_INFOPLIST_FILE = YES;
				INFOPLIST_FILE = bookletPdf/Info.plist;
				INFOPLIST_KEY_CFBundleDisplayName = "Booklet PDF";
				INFOPLIST_KEY_ITSAppUsesNonExemptEncryption = NO;
				INFOPLIST_KEY_LSApplicationCategoryType = "public.app-category.books";
				INFOPLIST_KEY_LSSupportsOpeningDocumentsInPlace = YES;
				INFOPLIST_KEY_NSCameraUsageDescription = "Used to scan documents into your booklets.";
				INFOPLIST_KEY_NSDesktopFolderUsageDescription = "App needs desktop folder usage";
				INFOPLIST_KEY_NSDocumentsFolderUsageDescription = "App needs to access documents folder";
				INFOPLIST_KEY_NSDownloadsFolderUsageDescription = "App needs to access download folder";
				INFOPLIST_KEY_NSFileProviderDomainUsageDescription = "App needs file provider";
				INFOPLIST_KEY_UIApplicationSceneManifest_Generation = YES;
				INFOPLIST_KEY_UIApplicationSupportsIndirectInputEvents = YES;
				INFOPLIST_KEY_UILaunchScreen_Generation = YES;
				INFOPLIST_KEY_UISupportedInterfaceOrientations = UIInterfaceOrientationPortrait;
				INFOPLIST_KEY_UISupportedInterfaceOrientations_iPad = "UIInterfaceOrientationLandscapeLeft UIInterfaceOrientationLandscapeRight UIInterfaceOrientationPortrait UIInterfaceOrientationPortraitUpsideDown";
				IPHONEOS_DEPLOYMENT_TARGET = 17.6;
				LD_RUNPATH_SEARCH_PATHS = (
					"$(inherited)",
					"@executable_path/Frameworks",
				);
				MACOSX_DEPLOYMENT_TARGET = 15.0;
				MARKETING_VERSION = 1.2.2;
				PRODUCT_BUNDLE_IDENTIFIER = uz.tox.bookletPdf;
				PRODUCT_NAME = "$(TARGET_NAME)";
				REGISTER_APP_GROUPS = NO;
				SUPPORTED_PLATFORMS = "iphoneos iphonesimulator macosx";
				SUPPORTS_MACCATALYST = NO;
				SUPPORTS_MAC_DESIGNED_FOR_IPHONE_IPAD = NO;
				SUPPORTS_XR_DESIGNED_FOR_IPHONE_IPAD = NO;
				SWIFT_EMIT_LOC_STRINGS = YES;
				SWIFT_VERSION = 5.0;
				TARGETED_DEVICE_FAMILY = "1,2";
			};
			name = Debug;
		};
		2E2E44332AC3CC8F00DC757F /* Release */ = {
			isa = XCBuildConfiguration;
			buildSettings = {
				ASSETCATALOG_COMPILER_APPICON_NAME = AppIcon;
				ASSETCATALOG_COMPILER_GLOBAL_ACCENT_COLOR_NAME = AccentColor;
				CODE_SIGN_ENTITLEMENTS = bookletPdf/bookletPdf.entitlements;
				CODE_SIGN_STYLE = Automatic;
				CURRENT_PROJECT_VERSION = 6;
				DEVELOPMENT_ASSET_PATHS = "\"bookletPdf/Preview Content\"";
				DEVELOPMENT_TEAM = V3H6LJGQAD;
				ENABLE_APP_SANDBOX = YES;
				ENABLE_INCOMING_NETWORK_CONNECTIONS = NO;
				ENABLE_OUTGOING_NETWORK_CONNECTIONS = NO;
				ENABLE_PREVIEWS = YES;
				ENABLE_RESOURCE_ACCESS_AUDIO_INPUT = NO;
				ENABLE_RESOURCE_ACCESS_BLUETOOTH = NO;
				ENABLE_RESOURCE_ACCESS_CALENDARS = NO;
				ENABLE_RESOURCE_ACCESS_CAMERA = NO;
				ENABLE_RESOURCE_ACCESS_CONTACTS = NO;
				ENABLE_RESOURCE_ACCESS_LOCATION = NO;
				ENABLE_RESOURCE_ACCESS_PRINTING = YES;
				ENABLE_RESOURCE_ACCESS_USB = NO;
				ENABLE_USER_SCRIPT_SANDBOXING = NO;
				GENERATE_INFOPLIST_FILE = YES;
				INFOPLIST_FILE = bookletPdf/Info.plist;
				INFOPLIST_KEY_CFBundleDisplayName = "Booklet PDF";
				INFOPLIST_KEY_ITSAppUsesNonExemptEncryption = NO;
				INFOPLIST_KEY_LSApplicationCategoryType = "public.app-category.books";
				INFOPLIST_KEY_LSSupportsOpeningDocumentsInPlace = YES;
				INFOPLIST_KEY_NSCameraUsageDescription = "Used to scan documents into your booklets.";
				INFOPLIST_KEY_NSDesktopFolderUsageDescription = "App needs desktop folder usage";
				INFOPLIST_KEY_NSDocumentsFolderUsageDescription = "App needs to access documents folder";
				INFOPLIST_KEY_NSDownloadsFolderUsageDescription = "App needs to access download folder";
				INFOPLIST_KEY_NSFileProviderDomainUsageDescription = "App needs file provider";
				INFOPLIST_KEY_UIApplicationSceneManifest_Generation = YES;
				INFOPLIST_KEY_UIApplicationSupportsIndirectInputEvents = YES;
				INFOPLIST_KEY_UILaunchScreen_Generation = YES;
				INFOPLIST_KEY_UISupportedInterfaceOrientations = UIInterfaceOrientationPortrait;
				INFOPLIST_KEY_UISupportedInterfaceOrientations_iPad = "UIInterfaceOrientationLandscapeLeft UIInterfaceOrientationLandscapeRight UIInterfaceOrientationPortrait UIInterfaceOrientationPortraitUpsideDown";
				IPHONEOS_DEPLOYMENT_TARGET = 17.6;
				LD_RUNPATH_SEARCH_PATHS = (
					"$(inherited)",
					"@executable_path/Frameworks",
				);
				MACOSX_DEPLOYMENT_TARGET = 15.0;
				MARKETING_VERSION = 1.2.2;
				PRODUCT_BUNDLE_IDENTIFIER = uz.tox.bookletPdf;
				PRODUCT_NAME = "$(TARGET_NAME)";
				REGISTER_APP_GROUPS = NO;
				SUPPORTED_PLATFORMS = "iphoneos iphonesimulator macosx";
				SUPPORTS_MACCATALYST = NO;
				SUPPORTS_MAC_DESIGNED_FOR_IPHONE_IPAD = NO;
				SUPPORTS_XR_DESIGNED_FOR_IPHONE_IPAD = NO;
				SWIFT_EMIT_LOC_STRINGS = YES;
				SWIFT_VERSION = 5.0;
				TARGETED_DEVICE_FAMILY = "1,2";
			};
			name = Release;
		};
/* End XCBuildConfiguration section */

/* Begin XCConfigurationList section */
		2E2E441E2AC3CC8E00DC757F /* Build configuration list for PBXProject "bookletPdf" */ = {
			isa = XCConfigurationList;
			buildConfigurations = (
				2E2E442F2AC3CC8F00DC757F /* Debug */,
				2E2E44302AC3CC8F00DC757F /* Release */,
			);
			defaultConfigurationIsVisible = 0;
			defaultConfigurationName = Release;
		};
		2E2E44312AC3CC8F00DC757F /* Build configuration list for PBXNativeTarget "bookletPdf" */ = {
			isa = XCConfigurationList;
			buildConfigurations = (
				2E2E44322AC3CC8F00DC757F /* Debug */,
				2E2E44332AC3CC8F00DC757F /* Release */,
			);
			defaultConfigurationIsVisible = 0;
			defaultConfigurationName = Release;
		};
/* End XCConfigurationList section */

/* Begin XCRemoteSwiftPackageReference section */
		114395312F796EE6002FC19E /* XCRemoteSwiftPackageReference "firebase-ios-sdk" */ = {
			isa = XCRemoteSwiftPackageReference;
			repositoryURL = "https://github.com/firebase/firebase-ios-sdk";
			requirement = {
				kind = upToNextMajorVersion;
				minimumVersion = 12.11.0;
			};
		};
		1184B32F2F86255D00C6EF1B /* XCRemoteSwiftPackageReference "swift-package-manager-google-mobile-ads" */ = {
			isa = XCRemoteSwiftPackageReference;
			repositoryURL = "https://github.com/googleads/swift-package-manager-google-mobile-ads";
			requirement = {
				kind = upToNextMajorVersion;
				minimumVersion = 13.2.0;
			};
		};
/* End XCRemoteSwiftPackageReference section */

/* Begin XCSwiftPackageProductDependency section */
		114395322F796EE6002FC19E /* FirebaseAnalytics */ = {
			isa = XCSwiftPackageProductDependency;
			package = 114395312F796EE6002FC19E /* XCRemoteSwiftPackageReference "firebase-ios-sdk" */;
			productName = FirebaseAnalytics;
		};
		114395342F796EE6002FC19E /* FirebaseCrashlytics */ = {
			isa = XCSwiftPackageProductDependency;
			package = 114395312F796EE6002FC19E /* XCRemoteSwiftPackageReference "firebase-ios-sdk" */;
			productName = FirebaseCrashlytics;
		};
		114395362F796F9D002FC19E /* FirebaseMessaging */ = {
			isa = XCSwiftPackageProductDependency;
			package = 114395312F796EE6002FC19E /* XCRemoteSwiftPackageReference "firebase-ios-sdk" */;
			productName = FirebaseMessaging;
		};
		1184B3302F86255D00C6EF1B /* GoogleMobileAds */ = {
			isa = XCSwiftPackageProductDependency;
			package = 1184B32F2F86255D00C6EF1B /* XCRemoteSwiftPackageReference "swift-package-manager-google-mobile-ads" */;
			productName = GoogleMobileAds;
		};
		5229A9842D2B806D00C75302 /* BookletPDFKit */ = {
			isa = XCSwiftPackageProductDependency;
			productName = BookletPDFKit;
		};
		52A930182E72A81300DC862D /* BookletCore */ = {
			isa = XCSwiftPackageProductDependency;
			productName = BookletCore;
		};
		B2C3D4E42F55730000BBCC02 /* AppV2 */ = {
			isa = XCSwiftPackageProductDependency;
			productName = AppV2;
		};
/* End XCSwiftPackageProductDependency section */
	};
	rootObject = 2E2E441B2AC3CC8E00DC757F /* Project object */;
}
